# This file is generated by running "yarn install" inside your project.
# Manual changes might be lost - proceed with caution!

__metadata:
  version: 6
  cacheKey: 8

"@ethersproject/abi@npm:5.7.0, @ethersproject/abi@npm:^5.7.0":
  version: 5.7.0
  resolution: "@ethersproject/abi@npm:5.7.0"
  dependencies:
    "@ethersproject/address": ^5.7.0
    "@ethersproject/bignumber": ^5.7.0
    "@ethersproject/bytes": ^5.7.0
    "@ethersproject/constants": ^5.7.0
    "@ethersproject/hash": ^5.7.0
    "@ethersproject/keccak256": ^5.7.0
    "@ethersproject/logger": ^5.7.0
    "@ethersproject/properties": ^5.7.0
    "@ethersproject/strings": ^5.7.0
  checksum: bc6962bb6cb854e4d2a4d65b2c49c716477675b131b1363312234bdbb7e19badb7d9ce66f4ca2a70ae2ea84f7123dbc4e300a1bfe5d58864a7eafabc1466627e
  languageName: node
  linkType: hard

"@ethersproject/abstract-provider@npm:5.7.0, @ethersproject/abstract-provider@npm:^5.7.0":
  version: 5.7.0
  resolution: "@ethersproject/abstract-provider@npm:5.7.0"
  dependencies:
    "@ethersproject/bignumber": ^5.7.0
    "@ethersproject/bytes": ^5.7.0
    "@ethersproject/logger": ^5.7.0
    "@ethersproject/networks": ^5.7.0
    "@ethersproject/properties": ^5.7.0
    "@ethersproject/transactions": ^5.7.0
    "@ethersproject/web": ^5.7.0
  checksum: 74cf4696245cf03bb7cc5b6cbf7b4b89dd9a79a1c4688126d214153a938126d4972d42c93182198653ce1de35f2a2cad68be40337d4774b3698a39b28f0228a8
  languageName: node
  linkType: hard

"@ethersproject/abstract-signer@npm:5.7.0, @ethersproject/abstract-signer@npm:^5.7.0":
  version: 5.7.0
  resolution: "@ethersproject/abstract-signer@npm:5.7.0"
  dependencies:
    "@ethersproject/abstract-provider": ^5.7.0
    "@ethersproject/bignumber": ^5.7.0
    "@ethersproject/bytes": ^5.7.0
    "@ethersproject/logger": ^5.7.0
    "@ethersproject/properties": ^5.7.0
  checksum: a823dac9cfb761e009851050ebebd5b229d1b1cc4a75b125c2da130ff37e8218208f7f9d1386f77407705b889b23d4a230ad67185f8872f083143e0073cbfbe3
  languageName: node
  linkType: hard

"@ethersproject/address@npm:5.7.0, @ethersproject/address@npm:^5.7.0":
  version: 5.7.0
  resolution: "@ethersproject/address@npm:5.7.0"
  dependencies:
    "@ethersproject/bignumber": ^5.7.0
    "@ethersproject/bytes": ^5.7.0
    "@ethersproject/keccak256": ^5.7.0
    "@ethersproject/logger": ^5.7.0
    "@ethersproject/rlp": ^5.7.0
  checksum: 64ea5ebea9cc0e845c413e6cb1e54e157dd9fc0dffb98e239d3a3efc8177f2ff798cd4e3206cf3660ee8faeb7bef1a47dc0ebef0d7b132c32e61e550c7d4c843
  languageName: node
  linkType: hard

"@ethersproject/base64@npm:5.7.0, @ethersproject/base64@npm:^5.7.0":
  version: 5.7.0
  resolution: "@ethersproject/base64@npm:5.7.0"
  dependencies:
    "@ethersproject/bytes": ^5.7.0
  checksum: 7dd5d734d623582f08f665434f53685041a3d3b334a0e96c0c8afa8bbcaab934d50e5b6b980e826a8fde8d353e0b18f11e61faf17468177274b8e7c69cd9742b
  languageName: node
  linkType: hard

"@ethersproject/basex@npm:5.7.0, @ethersproject/basex@npm:^5.7.0":
  version: 5.7.0
  resolution: "@ethersproject/basex@npm:5.7.0"
  dependencies:
    "@ethersproject/bytes": ^5.7.0
    "@ethersproject/properties": ^5.7.0
  checksum: 326087b7e1f3787b5fe6cd1cf2b4b5abfafbc355a45e88e22e5e9d6c845b613ffc5301d629b28d5c4d5e2bfe9ec424e6782c804956dff79be05f0098cb5817de
  languageName: node
  linkType: hard

"@ethersproject/bignumber@npm:5.7.0, @ethersproject/bignumber@npm:^5.7.0":
  version: 5.7.0
  resolution: "@ethersproject/bignumber@npm:5.7.0"
  dependencies:
    "@ethersproject/bytes": ^5.7.0
    "@ethersproject/logger": ^5.7.0
    bn.js: ^5.2.1
  checksum: 8c9a134b76f3feb4ec26a5a27379efb4e156b8fb2de0678a67788a91c7f4e30abe9d948638458e4b20f2e42380da0adacc7c9389d05fce070692edc6ae9b4904
  languageName: node
  linkType: hard

"@ethersproject/bytes@npm:5.7.0, @ethersproject/bytes@npm:^5.7.0":
  version: 5.7.0
  resolution: "@ethersproject/bytes@npm:5.7.0"
  dependencies:
    "@ethersproject/logger": ^5.7.0
  checksum: 66ad365ceaab5da1b23b72225c71dce472cf37737af5118181fa8ab7447d696bea15ca22e3a0e8836fdd8cfac161afe321a7c67d0dde96f9f645ddd759676621
  languageName: node
  linkType: hard

"@ethersproject/constants@npm:5.7.0, @ethersproject/constants@npm:^5.7.0":
  version: 5.7.0
  resolution: "@ethersproject/constants@npm:5.7.0"
  dependencies:
    "@ethersproject/bignumber": ^5.7.0
  checksum: 6d4b1355747cce837b3e76ec3bde70e4732736f23b04f196f706ebfa5d4d9c2be50904a390d4d40ce77803b98d03d16a9b6898418e04ba63491933ce08c4ba8a
  languageName: node
  linkType: hard

"@ethersproject/contracts@npm:5.7.0":
  version: 5.7.0
  resolution: "@ethersproject/contracts@npm:5.7.0"
  dependencies:
    "@ethersproject/abi": ^5.7.0
    "@ethersproject/abstract-provider": ^5.7.0
    "@ethersproject/abstract-signer": ^5.7.0
    "@ethersproject/address": ^5.7.0
    "@ethersproject/bignumber": ^5.7.0
    "@ethersproject/bytes": ^5.7.0
    "@ethersproject/constants": ^5.7.0
    "@ethersproject/logger": ^5.7.0
    "@ethersproject/properties": ^5.7.0
    "@ethersproject/transactions": ^5.7.0
  checksum: 6ccf1121cba01b31e02f8c507cb971ab6bfed85706484a9ec09878ef1594a62215f43c4fdef8f4a4875b99c4a800bc95e3be69b1803f8ce479e07634b5a740c0
  languageName: node
  linkType: hard

"@ethersproject/hash@npm:5.7.0, @ethersproject/hash@npm:^5.7.0":
  version: 5.7.0
  resolution: "@ethersproject/hash@npm:5.7.0"
  dependencies:
    "@ethersproject/abstract-signer": ^5.7.0
    "@ethersproject/address": ^5.7.0
    "@ethersproject/base64": ^5.7.0
    "@ethersproject/bignumber": ^5.7.0
    "@ethersproject/bytes": ^5.7.0
    "@ethersproject/keccak256": ^5.7.0
    "@ethersproject/logger": ^5.7.0
    "@ethersproject/properties": ^5.7.0
    "@ethersproject/strings": ^5.7.0
  checksum: 6e9fa8d14eb08171cd32f17f98cc108ec2aeca74a427655f0d689c550fee0b22a83b3b400fad7fb3f41cf14d4111f87f170aa7905bcbcd1173a55f21b06262ef
  languageName: node
  linkType: hard

"@ethersproject/hdnode@npm:5.7.0, @ethersproject/hdnode@npm:^5.7.0":
  version: 5.7.0
  resolution: "@ethersproject/hdnode@npm:5.7.0"
  dependencies:
    "@ethersproject/abstract-signer": ^5.7.0
    "@ethersproject/basex": ^5.7.0
    "@ethersproject/bignumber": ^5.7.0
    "@ethersproject/bytes": ^5.7.0
    "@ethersproject/logger": ^5.7.0
    "@ethersproject/pbkdf2": ^5.7.0
    "@ethersproject/properties": ^5.7.0
    "@ethersproject/sha2": ^5.7.0
    "@ethersproject/signing-key": ^5.7.0
    "@ethersproject/strings": ^5.7.0
    "@ethersproject/transactions": ^5.7.0
    "@ethersproject/wordlists": ^5.7.0
  checksum: bfe5ca2d89a42de73655f853170ef4766b933c5f481cddad709b3aca18823275b096e572f92d1602a052f80b426edde44ad6b9d028799775a7dad4a5bbed2133
  languageName: node
  linkType: hard

"@ethersproject/json-wallets@npm:5.7.0, @ethersproject/json-wallets@npm:^5.7.0":
  version: 5.7.0
  resolution: "@ethersproject/json-wallets@npm:5.7.0"
  dependencies:
    "@ethersproject/abstract-signer": ^5.7.0
    "@ethersproject/address": ^5.7.0
    "@ethersproject/bytes": ^5.7.0
    "@ethersproject/hdnode": ^5.7.0
    "@ethersproject/keccak256": ^5.7.0
    "@ethersproject/logger": ^5.7.0
    "@ethersproject/pbkdf2": ^5.7.0
    "@ethersproject/properties": ^5.7.0
    "@ethersproject/random": ^5.7.0
    "@ethersproject/strings": ^5.7.0
    "@ethersproject/transactions": ^5.7.0
    aes-js: 3.0.0
    scrypt-js: 3.0.1
  checksum: f583458d22db62efaaf94d38dd243482776a45bf90f9f3882fbad5aa0b8fd288b41eb7c1ff8ec0b99c9b751088e43d6173530db64dd33c59f9d8daa8d7ad5aa2
  languageName: node
  linkType: hard

"@ethersproject/keccak256@npm:5.7.0, @ethersproject/keccak256@npm:^5.7.0":
  version: 5.7.0
  resolution: "@ethersproject/keccak256@npm:5.7.0"
  dependencies:
    "@ethersproject/bytes": ^5.7.0
    js-sha3: 0.8.0
  checksum: ff70950d82203aab29ccda2553422cbac2e7a0c15c986bd20a69b13606ed8bb6e4fdd7b67b8d3b27d4f841e8222cbaccd33ed34be29f866fec7308f96ed244c6
  languageName: node
  linkType: hard

"@ethersproject/logger@npm:5.7.0, @ethersproject/logger@npm:^5.7.0":
  version: 5.7.0
  resolution: "@ethersproject/logger@npm:5.7.0"
  checksum: 075ab2f605f1fd0813f2e39c3308f77b44a67732b36e712d9bc085f22a84aac4da4f71b39bee50fe78da3e1c812673fadc41180c9970fe5e486e91ea17befe0d
  languageName: node
  linkType: hard

"@ethersproject/networks@npm:5.7.1, @ethersproject/networks@npm:^5.7.0":
  version: 5.7.1
  resolution: "@ethersproject/networks@npm:5.7.1"
  dependencies:
    "@ethersproject/logger": ^5.7.0
  checksum: 0339f312304c17d9a0adce550edb825d4d2c8c9468c1634c44172c67a9ed256f594da62c4cda5c3837a0f28b7fabc03aca9b492f68ff1fdad337ee861b27bd5d
  languageName: node
  linkType: hard

"@ethersproject/pbkdf2@npm:5.7.0, @ethersproject/pbkdf2@npm:^5.7.0":
  version: 5.7.0
  resolution: "@ethersproject/pbkdf2@npm:5.7.0"
  dependencies:
    "@ethersproject/bytes": ^5.7.0
    "@ethersproject/sha2": ^5.7.0
  checksum: b895adb9e35a8a127e794f7aadc31a2424ef355a70e51cde10d457e3e888bb8102373199a540cf61f2d6b9a32e47358f9c65b47d559f42bf8e596b5fd67901e9
  languageName: node
  linkType: hard

"@ethersproject/properties@npm:5.7.0, @ethersproject/properties@npm:^5.7.0":
  version: 5.7.0
  resolution: "@ethersproject/properties@npm:5.7.0"
  dependencies:
    "@ethersproject/logger": ^5.7.0
  checksum: 6ab0ccf0c3aadc9221e0cdc5306ce6cd0df7f89f77d77bccdd1277182c9ead0202cd7521329ba3acde130820bf8af299e17cf567d0d497c736ee918207bbf59f
  languageName: node
  linkType: hard

"@ethersproject/providers@npm:5.7.2":
  version: 5.7.2
  resolution: "@ethersproject/providers@npm:5.7.2"
  dependencies:
    "@ethersproject/abstract-provider": ^5.7.0
    "@ethersproject/abstract-signer": ^5.7.0
    "@ethersproject/address": ^5.7.0
    "@ethersproject/base64": ^5.7.0
    "@ethersproject/basex": ^5.7.0
    "@ethersproject/bignumber": ^5.7.0
    "@ethersproject/bytes": ^5.7.0
    "@ethersproject/constants": ^5.7.0
    "@ethersproject/hash": ^5.7.0
    "@ethersproject/logger": ^5.7.0
    "@ethersproject/networks": ^5.7.0
    "@ethersproject/properties": ^5.7.0
    "@ethersproject/random": ^5.7.0
    "@ethersproject/rlp": ^5.7.0
    "@ethersproject/sha2": ^5.7.0
    "@ethersproject/strings": ^5.7.0
    "@ethersproject/transactions": ^5.7.0
    "@ethersproject/web": ^5.7.0
    bech32: 1.1.4
    ws: 7.4.6
  checksum: 1754c731a5ca6782ae9677f4a9cd8b6246c4ef21a966c9a01b133750f3c578431ec43ec254e699969c4a0f87e84463ded50f96b415600aabd37d2056aee58c19
  languageName: node
  linkType: hard

"@ethersproject/random@npm:5.7.0, @ethersproject/random@npm:^5.7.0":
  version: 5.7.0
  resolution: "@ethersproject/random@npm:5.7.0"
  dependencies:
    "@ethersproject/bytes": ^5.7.0
    "@ethersproject/logger": ^5.7.0
  checksum: 017829c91cff6c76470852855108115b0b52c611b6be817ed1948d56ba42d6677803ec2012aa5ae298a7660024156a64c11fcf544e235e239ab3f89f0fff7345
  languageName: node
  linkType: hard

"@ethersproject/rlp@npm:5.7.0, @ethersproject/rlp@npm:^5.7.0":
  version: 5.7.0
  resolution: "@ethersproject/rlp@npm:5.7.0"
  dependencies:
    "@ethersproject/bytes": ^5.7.0
    "@ethersproject/logger": ^5.7.0
  checksum: bce165b0f7e68e4d091c9d3cf47b247cac33252df77a095ca4281d32d5eeaaa3695d9bc06b2b057c5015353a68df89f13a4a54a72e888e4beeabbe56b15dda6e
  languageName: node
  linkType: hard

"@ethersproject/sha2@npm:5.7.0, @ethersproject/sha2@npm:^5.7.0":
  version: 5.7.0
  resolution: "@ethersproject/sha2@npm:5.7.0"
  dependencies:
    "@ethersproject/bytes": ^5.7.0
    "@ethersproject/logger": ^5.7.0
    hash.js: 1.1.7
  checksum: 09321057c022effbff4cc2d9b9558228690b5dd916329d75c4b1ffe32ba3d24b480a367a7cc92d0f0c0b1c896814d03351ae4630e2f1f7160be2bcfbde435dbc
  languageName: node
  linkType: hard

"@ethersproject/signing-key@npm:5.7.0, @ethersproject/signing-key@npm:^5.7.0":
  version: 5.7.0
  resolution: "@ethersproject/signing-key@npm:5.7.0"
  dependencies:
    "@ethersproject/bytes": ^5.7.0
    "@ethersproject/logger": ^5.7.0
    "@ethersproject/properties": ^5.7.0
    bn.js: ^5.2.1
    elliptic: 6.5.4
    hash.js: 1.1.7
  checksum: 8f8de09b0aac709683bbb49339bc0a4cd2f95598f3546436c65d6f3c3a847ffa98e06d35e9ed2b17d8030bd2f02db9b7bd2e11c5cf8a71aad4537487ab4cf03a
  languageName: node
  linkType: hard

"@ethersproject/solidity@npm:5.7.0":
  version: 5.7.0
  resolution: "@ethersproject/solidity@npm:5.7.0"
  dependencies:
    "@ethersproject/bignumber": ^5.7.0
    "@ethersproject/bytes": ^5.7.0
    "@ethersproject/keccak256": ^5.7.0
    "@ethersproject/logger": ^5.7.0
    "@ethersproject/sha2": ^5.7.0
    "@ethersproject/strings": ^5.7.0
  checksum: 9a02f37f801c96068c3e7721f83719d060175bc4e80439fe060e92bd7acfcb6ac1330c7e71c49f4c2535ca1308f2acdcb01e00133129aac00581724c2d6293f3
  languageName: node
  linkType: hard

"@ethersproject/strings@npm:5.7.0, @ethersproject/strings@npm:^5.7.0":
  version: 5.7.0
  resolution: "@ethersproject/strings@npm:5.7.0"
  dependencies:
    "@ethersproject/bytes": ^5.7.0
    "@ethersproject/constants": ^5.7.0
    "@ethersproject/logger": ^5.7.0
  checksum: 5ff78693ae3fdf3cf23e1f6dc047a61e44c8197d2408c42719fef8cb7b7b3613a4eec88ac0ed1f9f5558c74fe0de7ae3195a29ca91a239c74b9f444d8e8b50df
  languageName: node
  linkType: hard

"@ethersproject/transactions@npm:5.7.0, @ethersproject/transactions@npm:^5.7.0":
  version: 5.7.0
  resolution: "@ethersproject/transactions@npm:5.7.0"
  dependencies:
    "@ethersproject/address": ^5.7.0
    "@ethersproject/bignumber": ^5.7.0
    "@ethersproject/bytes": ^5.7.0
    "@ethersproject/constants": ^5.7.0
    "@ethersproject/keccak256": ^5.7.0
    "@ethersproject/logger": ^5.7.0
    "@ethersproject/properties": ^5.7.0
    "@ethersproject/rlp": ^5.7.0
    "@ethersproject/signing-key": ^5.7.0
  checksum: a31b71996d2b283f68486241bff0d3ea3f1ba0e8f1322a8fffc239ccc4f4a7eb2ea9994b8fd2f093283fd75f87bae68171e01b6265261f821369aca319884a79
  languageName: node
  linkType: hard

"@ethersproject/units@npm:5.7.0":
  version: 5.7.0
  resolution: "@ethersproject/units@npm:5.7.0"
  dependencies:
    "@ethersproject/bignumber": ^5.7.0
    "@ethersproject/constants": ^5.7.0
    "@ethersproject/logger": ^5.7.0
  checksum: 304714f848cd32e57df31bf545f7ad35c2a72adae957198b28cbc62166daa929322a07bff6e9c9ac4577ab6aa0de0546b065ed1b2d20b19e25748b7d475cb0fc
  languageName: node
  linkType: hard

"@ethersproject/wallet@npm:5.7.0":
  version: 5.7.0
  resolution: "@ethersproject/wallet@npm:5.7.0"
  dependencies:
    "@ethersproject/abstract-provider": ^5.7.0
    "@ethersproject/abstract-signer": ^5.7.0
    "@ethersproject/address": ^5.7.0
    "@ethersproject/bignumber": ^5.7.0
    "@ethersproject/bytes": ^5.7.0
    "@ethersproject/hash": ^5.7.0
    "@ethersproject/hdnode": ^5.7.0
    "@ethersproject/json-wallets": ^5.7.0
    "@ethersproject/keccak256": ^5.7.0
    "@ethersproject/logger": ^5.7.0
    "@ethersproject/properties": ^5.7.0
    "@ethersproject/random": ^5.7.0
    "@ethersproject/signing-key": ^5.7.0
    "@ethersproject/transactions": ^5.7.0
    "@ethersproject/wordlists": ^5.7.0
  checksum: a4009bf7331eddab38e3015b5e9101ef92de7f705b00a6196b997db0e5635b6d83561674d46c90c6f77b87c0500fe4a6b0183ba13749efc22db59c99deb82fbd
  languageName: node
  linkType: hard

"@ethersproject/web@npm:5.7.1, @ethersproject/web@npm:^5.7.0":
  version: 5.7.1
  resolution: "@ethersproject/web@npm:5.7.1"
  dependencies:
    "@ethersproject/base64": ^5.7.0
    "@ethersproject/bytes": ^5.7.0
    "@ethersproject/logger": ^5.7.0
    "@ethersproject/properties": ^5.7.0
    "@ethersproject/strings": ^5.7.0
  checksum: 7028c47103f82fd2e2c197ce0eecfacaa9180ffeec7de7845b1f4f9b19d84081b7a48227aaddde05a4aaa526af574a9a0ce01cc0fc75e3e371f84b38b5b16b2b
  languageName: node
  linkType: hard

"@ethersproject/wordlists@npm:5.7.0, @ethersproject/wordlists@npm:^5.7.0":
  version: 5.7.0
  resolution: "@ethersproject/wordlists@npm:5.7.0"
  dependencies:
    "@ethersproject/bytes": ^5.7.0
    "@ethersproject/hash": ^5.7.0
    "@ethersproject/logger": ^5.7.0
    "@ethersproject/properties": ^5.7.0
    "@ethersproject/strings": ^5.7.0
  checksum: 30eb6eb0731f9ef5faa44bf9c0c6e950bcaaef61e4d2d9ce0ae6d341f4e2d6d1f4ab4f8880bfce03b7aac4b862fb740e1421170cfbf8e2aafc359277d49e6e97
  languageName: node
  linkType: hard

"accepts@npm:~1.3.8":
  version: 1.3.8
  resolution: "accepts@npm:1.3.8"
  dependencies:
    mime-types: ~2.1.34
    negotiator: 0.6.3
  checksum: 50c43d32e7b50285ebe84b613ee4a3aa426715a7d131b65b786e2ead0fd76b6b60091b9916d3478a75f11f162628a2139991b6c03ab3f1d9ab7c86075dc8eab4
  languageName: node
  linkType: hard

"aes-js@npm:3.0.0":
  version: 3.0.0
  resolution: "aes-js@npm:3.0.0"
  checksum: 251e26d533cd1a915b44896b17d5ed68c24a02484cfdd2e74ec700a309267db96651ea4eb657bf20aac32a3baa61f6e34edf8e2fec2de440a655da9942d334b8
  languageName: node
  linkType: hard

"append-field@npm:^1.0.0":
  version: 1.0.0
  resolution: "append-field@npm:1.0.0"
  checksum: 482ba08acc0ecef00fe7da6bf2f8e48359a9905ee1af525f3120c9260c02e91eedf0579b59d898e8d8455b6c199e340bc0a2fd4b9e02adaa29a8a86c722b37f9
  languageName: node
  linkType: hard

"array-flatten@npm:1.1.1":
  version: 1.1.1
  resolution: "array-flatten@npm:1.1.1"
  checksum: a9925bf3512d9dce202112965de90c222cd59a4fbfce68a0951d25d965cf44642931f40aac72309c41f12df19afa010ecadceb07cfff9ccc1621e99d89ab5f3b
  languageName: node
  linkType: hard

"bech32@npm:1.1.4":
  version: 1.1.4
  resolution: "bech32@npm:1.1.4"
  checksum: 0e98db619191548390d6f09ff68b0253ba7ae6a55db93dfdbb070ba234c1fd3308c0606fbcc95fad50437227b10011e2698b89f0181f6e7f845c499bd14d0f4b
  languageName: node
  linkType: hard

"bn.js@npm:^4.11.9":
  version: 4.12.1
  resolution: "bn.js@npm:4.12.1"
  checksum: f7f84a909bd07bdcc6777cccbf280b629540792e6965fb1dd1aeafba96e944f197ca10cbec2692f51e0a906ff31da1eb4317f3d1cd659d6f68b8bcd211f7ecbc
  languageName: node
  linkType: hard

"bn.js@npm:^5.2.1":
  version: 5.2.1
  resolution: "bn.js@npm:5.2.1"
  checksum: 3dd8c8d38055fedfa95c1d5fc3c99f8dd547b36287b37768db0abab3c239711f88ff58d18d155dd8ad902b0b0cee973747b7ae20ea12a09473272b0201c9edd3
  languageName: node
  linkType: hard

"body-parser@npm:1.20.3, body-parser@npm:^1.20.2":
  version: 1.20.3
  resolution: "body-parser@npm:1.20.3"
  dependencies:
    bytes: 3.1.2
    content-type: ~1.0.5
    debug: 2.6.9
    depd: 2.0.0
    destroy: 1.2.0
    http-errors: 2.0.0
    iconv-lite: 0.4.24
    on-finished: 2.4.1
    qs: 6.13.0
    raw-body: 2.5.2
    type-is: ~1.6.18
    unpipe: 1.0.0
  checksum: 1a35c59a6be8d852b00946330141c4f142c6af0f970faa87f10ad74f1ee7118078056706a05ae3093c54dabca9cd3770fa62a170a85801da1a4324f04381167d
  languageName: node
  linkType: hard

"brorand@npm:^1.1.0":
  version: 1.1.0
  resolution: "brorand@npm:1.1.0"
  checksum: 8a05c9f3c4b46572dec6ef71012b1946db6cae8c7bb60ccd4b7dd5a84655db49fe043ecc6272e7ef1f69dc53d6730b9e2a3a03a8310509a3d797a618cbee52be
  languageName: node
  linkType: hard

"buffer-from@npm:^1.0.0":
  version: 1.1.2
  resolution: "buffer-from@npm:1.1.2"
  checksum: 0448524a562b37d4d7ed9efd91685a5b77a50672c556ea254ac9a6d30e3403a517d8981f10e565db24e8339413b43c97ca2951f10e399c6125a0d8911f5679bb
  languageName: node
  linkType: hard

"busboy@npm:^1.0.0":
  version: 1.6.0
  resolution: "busboy@npm:1.6.0"
  dependencies:
    streamsearch: ^1.1.0
  checksum: 32801e2c0164e12106bf236291a00795c3c4e4b709ae02132883fe8478ba2ae23743b11c5735a0aae8afe65ac4b6ca4568b91f0d9fed1fdbc32ede824a73746e
  languageName: node
  linkType: hard

"bytes@npm:3.1.2":
  version: 3.1.2
  resolution: "bytes@npm:3.1.2"
  checksum: e4bcd3948d289c5127591fbedf10c0b639ccbf00243504e4e127374a15c3bc8eed0d28d4aaab08ff6f1cf2abc0cce6ba3085ed32f4f90e82a5683ce0014e1b6e
  languageName: node
  linkType: hard

"call-bind-apply-helpers@npm:^1.0.1":
  version: 1.0.1
  resolution: "call-bind-apply-helpers@npm:1.0.1"
  dependencies:
    es-errors: ^1.3.0
    function-bind: ^1.1.2
  checksum: 3c55343261bb387c58a4762d15ad9d42053659a62681ec5eb50690c6b52a4a666302a01d557133ce6533e8bd04530ee3b209f23dd06c9577a1925556f8fcccdf
  languageName: node
  linkType: hard

"call-bound@npm:^1.0.2":
  version: 1.0.3
  resolution: "call-bound@npm:1.0.3"
  dependencies:
    call-bind-apply-helpers: ^1.0.1
    get-intrinsic: ^1.2.6
  checksum: a93bbe0f2d0a2d6c144a4349ccd0593d5d0d5d9309b69101710644af8964286420062f2cc3114dca120b9bc8cc07507952d4b1b3ea7672e0d7f6f1675efedb32
  languageName: node
  linkType: hard

"concat-stream@npm:^1.5.2":
  version: 1.6.2
  resolution: "concat-stream@npm:1.6.2"
  dependencies:
    buffer-from: ^1.0.0
    inherits: ^2.0.3
    readable-stream: ^2.2.2
    typedarray: ^0.0.6
  checksum: 1ef77032cb4459dcd5187bd710d6fc962b067b64ec6a505810de3d2b8cc0605638551b42f8ec91edf6fcd26141b32ef19ad749239b58fae3aba99187adc32285
  languageName: node
  linkType: hard

"content-disposition@npm:0.5.4":
  version: 0.5.4
  resolution: "content-disposition@npm:0.5.4"
  dependencies:
    safe-buffer: 5.2.1
  checksum: afb9d545e296a5171d7574fcad634b2fdf698875f4006a9dd04a3e1333880c5c0c98d47b560d01216fb6505a54a2ba6a843ee3a02ec86d7e911e8315255f56c3
  languageName: node
  linkType: hard

"content-type@npm:~1.0.4, content-type@npm:~1.0.5":
  version: 1.0.5
  resolution: "content-type@npm:1.0.5"
  checksum: 566271e0a251642254cde0f845f9dd4f9856e52d988f4eb0d0dcffbb7a1f8ec98de7a5215fc628f3bce30fe2fb6fd2bc064b562d721658c59b544e2d34ea2766
  languageName: node
  linkType: hard

"cookie-signature@npm:1.0.6":
  version: 1.0.6
  resolution: "cookie-signature@npm:1.0.6"
  checksum: f4e1b0a98a27a0e6e66fd7ea4e4e9d8e038f624058371bf4499cfcd8f3980be9a121486995202ba3fca74fbed93a407d6d54d43a43f96fd28d0bd7a06761591a
  languageName: node
  linkType: hard

"cookie@npm:0.7.1":
  version: 0.7.1
  resolution: "cookie@npm:0.7.1"
  checksum: cec5e425549b3650eb5c3498a9ba3cde0b9cd419e3b36e4b92739d30b4d89e0b678b98c1ddc209ce7cf958cd3215671fd6ac47aec21f10c2a0cc68abd399d8a7
  languageName: node
  linkType: hard

"core-util-is@npm:~1.0.0":
  version: 1.0.3
  resolution: "core-util-is@npm:1.0.3"
  checksum: 9de8597363a8e9b9952491ebe18167e3b36e7707569eed0ebf14f8bba773611376466ae34575bca8cfe3c767890c859c74056084738f09d4e4a6f902b2ad7d99
  languageName: node
  linkType: hard

"cors@npm:^2.8.5":
  version: 2.8.5
  resolution: "cors@npm:2.8.5"
  dependencies:
    object-assign: ^4
    vary: ^1
  checksum: ced838404ccd184f61ab4fdc5847035b681c90db7ac17e428f3d81d69e2989d2b680cc254da0e2554f5ed4f8a341820a1ce3d1c16b499f6e2f47a1b9b07b5006
  languageName: node
  linkType: hard

"debug@npm:2.6.9":
  version: 2.6.9
  resolution: "debug@npm:2.6.9"
  dependencies:
    ms: 2.0.0
  checksum: d2f51589ca66df60bf36e1fa6e4386b318c3f1e06772280eea5b1ae9fd3d05e9c2b7fd8a7d862457d00853c75b00451aa2d7459b924629ee385287a650f58fe6
  languageName: node
  linkType: hard

"depd@npm:2.0.0":
  version: 2.0.0
  resolution: "depd@npm:2.0.0"
  checksum: abbe19c768c97ee2eed6282d8ce3031126662252c58d711f646921c9623f9052e3e1906443066beec1095832f534e57c523b7333f8e7e0d93051ab6baef5ab3a
  languageName: node
  linkType: hard

"destroy@npm:1.2.0":
  version: 1.2.0
  resolution: "destroy@npm:1.2.0"
  checksum: 0acb300b7478a08b92d810ab229d5afe0d2f4399272045ab22affa0d99dbaf12637659411530a6fcd597a9bdac718fc94373a61a95b4651bbc7b83684a565e38
  languageName: node
  linkType: hard

"dotenv@npm:^16.0.3":
  version: 16.4.7
  resolution: "dotenv@npm:16.4.7"
  checksum: c27419b5875a44addcc56cc69b7dc5b0e6587826ca85d5b355da9303c6fc317fc9989f1f18366a16378c9fdd9532d14117a1abe6029cc719cdbbef6eaef2cea4
  languageName: node
  linkType: hard

"dunder-proto@npm:^1.0.1":
  version: 1.0.1
  resolution: "dunder-proto@npm:1.0.1"
  dependencies:
    call-bind-apply-helpers: ^1.0.1
    es-errors: ^1.3.0
    gopd: ^1.2.0
  checksum: 149207e36f07bd4941921b0ca929e3a28f1da7bd6b6ff8ff7f4e2f2e460675af4576eeba359c635723dc189b64cdd4787e0255897d5b135ccc5d15cb8685fc90
  languageName: node
  linkType: hard

"ee-first@npm:1.1.1":
  version: 1.1.1
  resolution: "ee-first@npm:1.1.1"
  checksum: 1b4cac778d64ce3b582a7e26b218afe07e207a0f9bfe13cc7395a6d307849cfe361e65033c3251e00c27dd060cab43014c2d6b2647676135e18b77d2d05b3f4f
  languageName: node
  linkType: hard

"elliptic@npm:6.5.4":
  version: 6.5.4
  resolution: "elliptic@npm:6.5.4"
  dependencies:
    bn.js: ^4.11.9
    brorand: ^1.1.0
    hash.js: ^1.0.0
    hmac-drbg: ^1.0.1
    inherits: ^2.0.4
    minimalistic-assert: ^1.0.1
    minimalistic-crypto-utils: ^1.0.1
  checksum: d56d21fd04e97869f7ffcc92e18903b9f67f2d4637a23c860492fbbff5a3155fd9ca0184ce0c865dd6eb2487d234ce9551335c021c376cd2d3b7cb749c7d10f4
  languageName: node
  linkType: hard

"encodeurl@npm:~1.0.2":
  version: 1.0.2
  resolution: "encodeurl@npm:1.0.2"
  checksum: e50e3d508cdd9c4565ba72d2012e65038e5d71bdc9198cb125beb6237b5b1ade6c0d343998da9e170fb2eae52c1bed37d4d6d98a46ea423a0cddbed5ac3f780c
  languageName: node
  linkType: hard

"encodeurl@npm:~2.0.0":
  version: 2.0.0
  resolution: "encodeurl@npm:2.0.0"
  checksum: abf5cd51b78082cf8af7be6785813c33b6df2068ce5191a40ca8b1afe6a86f9230af9a9ce694a5ce4665955e5c1120871826df9c128a642e09c58d592e2807fe
  languageName: node
  linkType: hard

"es-define-property@npm:^1.0.1":
  version: 1.0.1
  resolution: "es-define-property@npm:1.0.1"
  checksum: 0512f4e5d564021c9e3a644437b0155af2679d10d80f21adaf868e64d30efdfbd321631956f20f42d655fedb2e3a027da479fad3fa6048f768eb453a80a5f80a
  languageName: node
  linkType: hard

"es-errors@npm:^1.3.0":
  version: 1.3.0
  resolution: "es-errors@npm:1.3.0"
  checksum: ec1414527a0ccacd7f15f4a3bc66e215f04f595ba23ca75cdae0927af099b5ec865f9f4d33e9d7e86f512f252876ac77d4281a7871531a50678132429b1271b5
  languageName: node
  linkType: hard

"es-object-atoms@npm:^1.0.0":
  version: 1.0.0
  resolution: "es-object-atoms@npm:1.0.0"
  dependencies:
    es-errors: ^1.3.0
  checksum: 26f0ff78ab93b63394e8403c353842b2272836968de4eafe97656adfb8a7c84b9099bf0fe96ed58f4a4cddc860f6e34c77f91649a58a5daa4a9c40b902744e3c
  languageName: node
  linkType: hard

"escape-html@npm:~1.0.3":
  version: 1.0.3
  resolution: "escape-html@npm:1.0.3"
  checksum: 6213ca9ae00d0ab8bccb6d8d4e0a98e76237b2410302cf7df70aaa6591d509a2a37ce8998008cbecae8fc8ffaadf3fb0229535e6a145f3ce0b211d060decbb24
  languageName: node
  linkType: hard

"etag@npm:~1.8.1":
  version: 1.8.1
  resolution: "etag@npm:1.8.1"
  checksum: 571aeb3dbe0f2bbd4e4fadbdb44f325fc75335cd5f6f6b6a091e6a06a9f25ed5392f0863c5442acb0646787446e816f13cbfc6edce5b07658541dff573cab1ff
  languageName: node
  linkType: hard

"ethers@npm:^5.7.0":
  version: 5.7.2
  resolution: "ethers@npm:5.7.2"
  dependencies:
    "@ethersproject/abi": 5.7.0
    "@ethersproject/abstract-provider": 5.7.0
    "@ethersproject/abstract-signer": 5.7.0
    "@ethersproject/address": 5.7.0
    "@ethersproject/base64": 5.7.0
    "@ethersproject/basex": 5.7.0
    "@ethersproject/bignumber": 5.7.0
    "@ethersproject/bytes": 5.7.0
    "@ethersproject/constants": 5.7.0
    "@ethersproject/contracts": 5.7.0
    "@ethersproject/hash": 5.7.0
    "@ethersproject/hdnode": 5.7.0
    "@ethersproject/json-wallets": 5.7.0
    "@ethersproject/keccak256": 5.7.0
    "@ethersproject/logger": 5.7.0
    "@ethersproject/networks": 5.7.1
    "@ethersproject/pbkdf2": 5.7.0
    "@ethersproject/properties": 5.7.0
    "@ethersproject/providers": 5.7.2
    "@ethersproject/random": 5.7.0
    "@ethersproject/rlp": 5.7.0
    "@ethersproject/sha2": 5.7.0
    "@ethersproject/signing-key": 5.7.0
    "@ethersproject/solidity": 5.7.0
    "@ethersproject/strings": 5.7.0
    "@ethersproject/transactions": 5.7.0
    "@ethersproject/units": 5.7.0
    "@ethersproject/wallet": 5.7.0
    "@ethersproject/web": 5.7.1
    "@ethersproject/wordlists": 5.7.0
  checksum: b7c08cf3e257185a7946117dbbf764433b7ba0e77c27298dec6088b3bc871aff711462b0621930c56880ff0a7ceb8b1d3a361ffa259f93377b48e34107f62553
  languageName: node
  linkType: hard

"express@npm:^4.18.2":
  version: 4.21.2
  resolution: "express@npm:4.21.2"
  dependencies:
    accepts: ~1.3.8
    array-flatten: 1.1.1
    body-parser: 1.20.3
    content-disposition: 0.5.4
    content-type: ~1.0.4
    cookie: 0.7.1
    cookie-signature: 1.0.6
    debug: 2.6.9
    depd: 2.0.0
    encodeurl: ~2.0.0
    escape-html: ~1.0.3
    etag: ~1.8.1
    finalhandler: 1.3.1
    fresh: 0.5.2
    http-errors: 2.0.0
    merge-descriptors: 1.0.3
    methods: ~1.1.2
    on-finished: 2.4.1
    parseurl: ~1.3.3
    path-to-regexp: 0.1.12
    proxy-addr: ~2.0.7
    qs: 6.13.0
    range-parser: ~1.2.1
    safe-buffer: 5.2.1
    send: 0.19.0
    serve-static: 1.16.2
    setprototypeof: 1.2.0
    statuses: 2.0.1
    type-is: ~1.6.18
    utils-merge: 1.0.1
    vary: ~1.1.2
  checksum: 3aef1d355622732e20b8f3a7c112d4391d44e2131f4f449e1f273a309752a41abfad714e881f177645517cbe29b3ccdc10b35e7e25c13506114244a5b72f549d
  languageName: node
  linkType: hard

"finalhandler@npm:1.3.1":
  version: 1.3.1
  resolution: "finalhandler@npm:1.3.1"
  dependencies:
    debug: 2.6.9
    encodeurl: ~2.0.0
    escape-html: ~1.0.3
    on-finished: 2.4.1
    parseurl: ~1.3.3
    statuses: 2.0.1
    unpipe: ~1.0.0
  checksum: a8c58cd97c9cd47679a870f6833a7b417043f5a288cd6af6d0f49b476c874a506100303a128b6d3b654c3d74fa4ff2ffed68a48a27e8630cda5c918f2977dcf4
  languageName: node
  linkType: hard

"forwarded@npm:0.2.0":
  version: 0.2.0
  resolution: "forwarded@npm:0.2.0"
  checksum: fd27e2394d8887ebd16a66ffc889dc983fbbd797d5d3f01087c020283c0f019a7d05ee85669383d8e0d216b116d720fc0cef2f6e9b7eb9f4c90c6e0bc7fd28e6
  languageName: node
  linkType: hard

"fresh@npm:0.5.2":
  version: 0.5.2
  resolution: "fresh@npm:0.5.2"
  checksum: 13ea8b08f91e669a64e3ba3a20eb79d7ca5379a81f1ff7f4310d54e2320645503cc0c78daedc93dfb6191287295f6479544a649c64d8e41a1c0fb0c221552346
  languageName: node
  linkType: hard

"fs@npm:^0.0.1-security":
  version: 0.0.1-security
  resolution: "fs@npm:0.0.1-security"
  checksum: 53c6230e1faae9fa32c1df82c16a84b51b1243d20f3da2b64bd110bb472b73b9185169b703e008356e3cdc92d155088b617d9d39a63b5227a30b3621baad7f5d
  languageName: node
  linkType: hard

"function-bind@npm:^1.1.2":
  version: 1.1.2
  resolution: "function-bind@npm:1.1.2"
  checksum: 2b0ff4ce708d99715ad14a6d1f894e2a83242e4a52ccfcefaee5e40050562e5f6dafc1adbb4ce2d4ab47279a45dc736ab91ea5042d843c3c092820dfe032efb1
  languageName: node
  linkType: hard

"get-intrinsic@npm:^1.2.5, get-intrinsic@npm:^1.2.6":
  version: 1.2.7
  resolution: "get-intrinsic@npm:1.2.7"
  dependencies:
    call-bind-apply-helpers: ^1.0.1
    es-define-property: ^1.0.1
    es-errors: ^1.3.0
    es-object-atoms: ^1.0.0
    function-bind: ^1.1.2
    get-proto: ^1.0.0
    gopd: ^1.2.0
    has-symbols: ^1.1.0
    hasown: ^2.0.2
    math-intrinsics: ^1.1.0
  checksum: a1597b3b432074f805b6a0ba1182130dd6517c0ea0c4eecc4b8834c803913e1ea62dfc412865be795b3dacb1555a21775b70cf9af7a18b1454ff3414e5442d4a
  languageName: node
  linkType: hard

"get-proto@npm:^1.0.0":
  version: 1.0.1
  resolution: "get-proto@npm:1.0.1"
  dependencies:
    dunder-proto: ^1.0.1
    es-object-atoms: ^1.0.0
  checksum: 4fc96afdb58ced9a67558698b91433e6b037aaa6f1493af77498d7c85b141382cf223c0e5946f334fb328ee85dfe6edd06d218eaf09556f4bc4ec6005d7f5f7b
  languageName: node
  linkType: hard

"gopd@npm:^1.2.0":
  version: 1.2.0
  resolution: "gopd@npm:1.2.0"
  checksum: cc6d8e655e360955bdccaca51a12a474268f95bb793fc3e1f2bdadb075f28bfd1fd988dab872daf77a61d78cbaf13744bc8727a17cfb1d150d76047d805375f3
  languageName: node
  linkType: hard

"has-symbols@npm:^1.1.0":
  version: 1.1.0
  resolution: "has-symbols@npm:1.1.0"
  checksum: b2316c7302a0e8ba3aaba215f834e96c22c86f192e7310bdf689dd0e6999510c89b00fbc5742571507cebf25764d68c988b3a0da217369a73596191ac0ce694b
  languageName: node
  linkType: hard

"hash.js@npm:1.1.7, hash.js@npm:^1.0.0, hash.js@npm:^1.0.3":
  version: 1.1.7
  resolution: "hash.js@npm:1.1.7"
  dependencies:
    inherits: ^2.0.3
    minimalistic-assert: ^1.0.1
  checksum: e350096e659c62422b85fa508e4b3669017311aa4c49b74f19f8e1bc7f3a54a584fdfd45326d4964d6011f2b2d882e38bea775a96046f2a61b7779a979629d8f
  languageName: node
  linkType: hard

"hasown@npm:^2.0.2":
  version: 2.0.2
  resolution: "hasown@npm:2.0.2"
  dependencies:
    function-bind: ^1.1.2
  checksum: e8516f776a15149ca6c6ed2ae3110c417a00b62260e222590e54aa367cbcd6ed99122020b37b7fbdf05748df57b265e70095d7bf35a47660587619b15ffb93db
  languageName: node
  linkType: hard

"healthcare-dapp-backend@workspace:.":
  version: 0.0.0-use.local
  resolution: "healthcare-dapp-backend@workspace:."
  dependencies:
    body-parser: ^1.20.2
    cors: ^2.8.5
    dotenv: ^16.0.3
    ethers: ^5.7.0
    express: ^4.18.2
    fs: ^0.0.1-security
    multer: ^1.4.5-lts.1
  languageName: unknown
  linkType: soft

"hmac-drbg@npm:^1.0.1":
  version: 1.0.1
  resolution: "hmac-drbg@npm:1.0.1"
  dependencies:
    hash.js: ^1.0.3
    minimalistic-assert: ^1.0.0
    minimalistic-crypto-utils: ^1.0.1
  checksum: bd30b6a68d7f22d63f10e1888aee497d7c2c5c0bb469e66bbdac99f143904d1dfe95f8131f95b3e86c86dd239963c9d972fcbe147e7cffa00e55d18585c43fe0
  languageName: node
  linkType: hard

"http-errors@npm:2.0.0":
  version: 2.0.0
  resolution: "http-errors@npm:2.0.0"
  dependencies:
    depd: 2.0.0
    inherits: 2.0.4
    setprototypeof: 1.2.0
    statuses: 2.0.1
    toidentifier: 1.0.1
  checksum: 9b0a3782665c52ce9dc658a0d1560bcb0214ba5699e4ea15aefb2a496e2ca83db03ebc42e1cce4ac1f413e4e0d2d736a3fd755772c556a9a06853ba2a0b7d920
  languageName: node
  linkType: hard

"iconv-lite@npm:0.4.24":
  version: 0.4.24
  resolution: "iconv-lite@npm:0.4.24"
  dependencies:
    safer-buffer: ">= 2.1.2 < 3"
  checksum: bd9f120f5a5b306f0bc0b9ae1edeb1577161503f5f8252a20f1a9e56ef8775c9959fd01c55f2d3a39d9a8abaf3e30c1abeb1895f367dcbbe0a8fd1c9ca01c4f6
  languageName: node
  linkType: hard

"inherits@npm:2.0.4, inherits@npm:^2.0.3, inherits@npm:^2.0.4, inherits@npm:~2.0.3":
  version: 2.0.4
  resolution: "inherits@npm:2.0.4"
  checksum: 4a48a733847879d6cf6691860a6b1e3f0f4754176e4d71494c41f3475553768b10f84b5ce1d40fbd0e34e6bfbb864ee35858ad4dd2cf31e02fc4a154b724d7f1
  languageName: node
  linkType: hard

"ipaddr.js@npm:1.9.1":
  version: 1.9.1
  resolution: "ipaddr.js@npm:1.9.1"
  checksum: f88d3825981486f5a1942414c8d77dd6674dd71c065adcfa46f578d677edcb99fda25af42675cb59db492fdf427b34a5abfcde3982da11a8fd83a500b41cfe77
  languageName: node
  linkType: hard

"isarray@npm:~1.0.0":
  version: 1.0.0
  resolution: "isarray@npm:1.0.0"
  checksum: f032df8e02dce8ec565cf2eb605ea939bdccea528dbcf565cdf92bfa2da9110461159d86a537388ef1acef8815a330642d7885b29010e8f7eac967c9993b65ab
  languageName: node
  linkType: hard

"js-sha3@npm:0.8.0":
  version: 0.8.0
  resolution: "js-sha3@npm:0.8.0"
  checksum: 75df77c1fc266973f06cce8309ce010e9e9f07ec35ab12022ed29b7f0d9c8757f5a73e1b35aa24840dced0dea7059085aa143d817aea9e188e2a80d569d9adce
  languageName: node
  linkType: hard

"math-intrinsics@npm:^1.1.0":
  version: 1.1.0
  resolution: "math-intrinsics@npm:1.1.0"
  checksum: 0e513b29d120f478c85a70f49da0b8b19bc638975eca466f2eeae0071f3ad00454c621bf66e16dd435896c208e719fc91ad79bbfba4e400fe0b372e7c1c9c9a2
  languageName: node
  linkType: hard

"media-typer@npm:0.3.0":
  version: 0.3.0
  resolution: "media-typer@npm:0.3.0"
  checksum: af1b38516c28ec95d6b0826f6c8f276c58aec391f76be42aa07646b4e39d317723e869700933ca6995b056db4b09a78c92d5440dc23657e6764be5d28874bba1
  languageName: node
  linkType: hard

"merge-descriptors@npm:1.0.3":
  version: 1.0.3
  resolution: "merge-descriptors@npm:1.0.3"
  checksum: 52117adbe0313d5defa771c9993fe081e2d2df9b840597e966aadafde04ae8d0e3da46bac7ca4efc37d4d2b839436582659cd49c6a43eacb3fe3050896a105d1
  languageName: node
  linkType: hard

"methods@npm:~1.1.2":
  version: 1.1.2
  resolution: "methods@npm:1.1.2"
  checksum: 0917ff4041fa8e2f2fda5425a955fe16ca411591fbd123c0d722fcf02b73971ed6f764d85f0a6f547ce49ee0221ce2c19a5fa692157931cecb422984f1dcd13a
  languageName: node
  linkType: hard

"mime-db@npm:1.52.0":
  version: 1.52.0
  resolution: "mime-db@npm:1.52.0"
  checksum: 0d99a03585f8b39d68182803b12ac601d9c01abfa28ec56204fa330bc9f3d1c5e14beb049bafadb3dbdf646dfb94b87e24d4ec7b31b7279ef906a8ea9b6a513f
  languageName: node
  linkType: hard

"mime-types@npm:~2.1.24, mime-types@npm:~2.1.34":
  version: 2.1.35
  resolution: "mime-types@npm:2.1.35"
  dependencies:
    mime-db: 1.52.0
  checksum: 89a5b7f1def9f3af5dad6496c5ed50191ae4331cc5389d7c521c8ad28d5fdad2d06fd81baf38fed813dc4e46bb55c8145bb0ff406330818c9cf712fb2e9b3836
  languageName: node
  linkType: hard

"mime@npm:1.6.0":
  version: 1.6.0
  resolution: "mime@npm:1.6.0"
  bin:
    mime: cli.js
  checksum: fef25e39263e6d207580bdc629f8872a3f9772c923c7f8c7e793175cee22777bbe8bba95e5d509a40aaa292d8974514ce634ae35769faa45f22d17edda5e8557
  languageName: node
  linkType: hard

"minimalistic-assert@npm:^1.0.0, minimalistic-assert@npm:^1.0.1":
  version: 1.0.1
  resolution: "minimalistic-assert@npm:1.0.1"
  checksum: cc7974a9268fbf130fb055aff76700d7e2d8be5f761fb5c60318d0ed010d839ab3661a533ad29a5d37653133385204c503bfac995aaa4236f4e847461ea32ba7
  languageName: node
  linkType: hard

"minimalistic-crypto-utils@npm:^1.0.1":
  version: 1.0.1
  resolution: "minimalistic-crypto-utils@npm:1.0.1"
  checksum: 6e8a0422b30039406efd4c440829ea8f988845db02a3299f372fceba56ffa94994a9c0f2fd70c17f9969eedfbd72f34b5070ead9656a34d3f71c0bd72583a0ed
  languageName: node
  linkType: hard

"minimist@npm:^1.2.6":
  version: 1.2.8
  resolution: "minimist@npm:1.2.8"
  checksum: 75a6d645fb122dad29c06a7597bddea977258957ed88d7a6df59b5cd3fe4a527e253e9bbf2e783e4b73657f9098b96a5fe96ab8a113655d4109108577ecf85b0
  languageName: node
  linkType: hard

"mkdirp@npm:^0.5.4":
  version: 0.5.6
  resolution: "mkdirp@npm:0.5.6"
  dependencies:
    minimist: ^1.2.6
  bin:
    mkdirp: bin/cmd.js
  checksum: 0c91b721bb12c3f9af4b77ebf73604baf350e64d80df91754dc509491ae93bf238581e59c7188360cec7cb62fc4100959245a42cfe01834efedc5e9d068376c2
  languageName: node
  linkType: hard

"ms@npm:2.0.0":
  version: 2.0.0
  resolution: "ms@npm:2.0.0"
  checksum: 0e6a22b8b746d2e0b65a430519934fefd41b6db0682e3477c10f60c76e947c4c0ad06f63ffdf1d78d335f83edee8c0aa928aa66a36c7cd95b69b26f468d527f4
  languageName: node
  linkType: hard

"ms@npm:2.1.3":
  version: 2.1.3
  resolution: "ms@npm:2.1.3"
  checksum: aa92de608021b242401676e35cfa5aa42dd70cbdc082b916da7fb925c542173e36bce97ea3e804923fe92c0ad991434e4a38327e15a1b5b5f945d66df615ae6d
  languageName: node
  linkType: hard

"multer@npm:^1.4.5-lts.1":
  version: 1.4.5-lts.1
  resolution: "multer@npm:1.4.5-lts.1"
  dependencies:
    append-field: ^1.0.0
    busboy: ^1.0.0
    concat-stream: ^1.5.2
    mkdirp: ^0.5.4
    object-assign: ^4.1.1
    type-is: ^1.6.4
    xtend: ^4.0.0
  checksum: d6dfa78a6ec592b74890412f8962da8a87a3dcfe20f612e039b735b8e0faa72c735516c447f7de694ee0d981eb0a1b892fb9e2402a0348dc6091d18c38d89ecc
  languageName: node
  linkType: hard

"negotiator@npm:0.6.3":
  version: 0.6.3
  resolution: "negotiator@npm:0.6.3"
  checksum: b8ffeb1e262eff7968fc90a2b6767b04cfd9842582a9d0ece0af7049537266e7b2506dfb1d107a32f06dd849ab2aea834d5830f7f4d0e5cb7d36e1ae55d021d9
  languageName: node
  linkType: hard

"object-assign@npm:^4, object-assign@npm:^4.1.1":
  version: 4.1.1
  resolution: "object-assign@npm:4.1.1"
  checksum: fcc6e4ea8c7fe48abfbb552578b1c53e0d194086e2e6bbbf59e0a536381a292f39943c6e9628af05b5528aa5e3318bb30d6b2e53cadaf5b8fe9e12c4b69af23f
  languageName: node
  linkType: hard

"object-inspect@npm:^1.13.3":
  version: 1.13.3
  resolution: "object-inspect@npm:1.13.3"
  checksum: 8c962102117241e18ea403b84d2521f78291b774b03a29ee80a9863621d88265ffd11d0d7e435c4c2cea0dc2a2fbf8bbc92255737a05536590f2df2e8756f297
  languageName: node
  linkType: hard

"on-finished@npm:2.4.1":
  version: 2.4.1
  resolution: "on-finished@npm:2.4.1"
  dependencies:
    ee-first: 1.1.1
  checksum: d20929a25e7f0bb62f937a425b5edeb4e4cde0540d77ba146ec9357f00b0d497cdb3b9b05b9c8e46222407d1548d08166bff69cc56dfa55ba0e4469228920ff0
  languageName: node
  linkType: hard

"parseurl@npm:~1.3.3":
  version: 1.3.3
  resolution: "parseurl@npm:1.3.3"
  checksum: 407cee8e0a3a4c5cd472559bca8b6a45b82c124e9a4703302326e9ab60fc1081442ada4e02628efef1eb16197ddc7f8822f5a91fd7d7c86b51f530aedb17dfa2
  languageName: node
  linkType: hard

"path-to-regexp@npm:0.1.12":
  version: 0.1.12
  resolution: "path-to-regexp@npm:0.1.12"
  checksum: ab237858bee7b25ecd885189f175ab5b5161e7b712b360d44f5c4516b8d271da3e4bf7bf0a7b9153ecb04c7d90ce8ff5158614e1208819cf62bac2b08452722e
  languageName: node
  linkType: hard

"process-nextick-args@npm:~2.0.0":
  version: 2.0.1
  resolution: "process-nextick-args@npm:2.0.1"
  checksum: 1d38588e520dab7cea67cbbe2efdd86a10cc7a074c09657635e34f035277b59fbb57d09d8638346bf7090f8e8ebc070c96fa5fd183b777fff4f5edff5e9466cf
  languageName: node
  linkType: hard

"proxy-addr@npm:~2.0.7":
  version: 2.0.7
  resolution: "proxy-addr@npm:2.0.7"
  dependencies:
    forwarded: 0.2.0
    ipaddr.js: 1.9.1
  checksum: 29c6990ce9364648255454842f06f8c46fcd124d3e6d7c5066df44662de63cdc0bad032e9bf5a3d653ff72141cc7b6019873d685708ac8210c30458ad99f2b74
  languageName: node
  linkType: hard

"qs@npm:6.13.0":
  version: 6.13.0
  resolution: "qs@npm:6.13.0"
  dependencies:
    side-channel: ^1.0.6
  checksum: e9404dc0fc2849245107108ce9ec2766cde3be1b271de0bf1021d049dc5b98d1a2901e67b431ac5509f865420a7ed80b7acb3980099fe1c118a1c5d2e1432ad8
  languageName: node
  linkType: hard

"range-parser@npm:~1.2.1":
  version: 1.2.1
  resolution: "range-parser@npm:1.2.1"
  checksum: 0a268d4fea508661cf5743dfe3d5f47ce214fd6b7dec1de0da4d669dd4ef3d2144468ebe4179049eff253d9d27e719c88dae55be64f954e80135a0cada804ec9
  languageName: node
  linkType: hard

"raw-body@npm:2.5.2":
  version: 2.5.2
  resolution: "raw-body@npm:2.5.2"
  dependencies:
    bytes: 3.1.2
    http-errors: 2.0.0
    iconv-lite: 0.4.24
    unpipe: 1.0.0
  checksum: ba1583c8d8a48e8fbb7a873fdbb2df66ea4ff83775421bfe21ee120140949ab048200668c47d9ae3880012f6e217052690628cf679ddfbd82c9fc9358d574676
  languageName: node
  linkType: hard

"readable-stream@npm:^2.2.2":
  version: 2.3.8
  resolution: "readable-stream@npm:2.3.8"
  dependencies:
    core-util-is: ~1.0.0
    inherits: ~2.0.3
    isarray: ~1.0.0
    process-nextick-args: ~2.0.0
    safe-buffer: ~5.1.1
    string_decoder: ~1.1.1
    util-deprecate: ~1.0.1
  checksum: 65645467038704f0c8aaf026a72fbb588a9e2ef7a75cd57a01702ee9db1c4a1e4b03aaad36861a6a0926546a74d174149c8c207527963e0c2d3eee2f37678a42
  languageName: node
  linkType: hard

"safe-buffer@npm:5.2.1":
  version: 5.2.1
  resolution: "safe-buffer@npm:5.2.1"
  checksum: b99c4b41fdd67a6aaf280fcd05e9ffb0813654894223afb78a31f14a19ad220bba8aba1cb14eddce1fcfb037155fe6de4e861784eb434f7d11ed58d1e70dd491
  languageName: node
  linkType: hard

"safe-buffer@npm:~5.1.0, safe-buffer@npm:~5.1.1":
  version: 5.1.2
  resolution: "safe-buffer@npm:5.1.2"
  checksum: f2f1f7943ca44a594893a852894055cf619c1fbcb611237fc39e461ae751187e7baf4dc391a72125e0ac4fb2d8c5c0b3c71529622e6a58f46b960211e704903c
  languageName: node
  linkType: hard

"safer-buffer@npm:>= 2.1.2 < 3":
  version: 2.1.2
  resolution: "safer-buffer@npm:2.1.2"
  checksum: cab8f25ae6f1434abee8d80023d7e72b598cf1327164ddab31003c51215526801e40b66c5e65d658a0af1e9d6478cadcb4c745f4bd6751f97d8644786c0978b0
  languageName: node
  linkType: hard

"scrypt-js@npm:3.0.1":
  version: 3.0.1
  resolution: "scrypt-js@npm:3.0.1"
  checksum: b7c7d1a68d6ca946f2fbb0778e0c4ec63c65501b54023b2af7d7e9f48fdb6c6580d6f7675cd53bda5944c5ebc057560d5a6365079752546865defb3b79dea454
  languageName: node
  linkType: hard

"send@npm:0.19.0":
  version: 0.19.0
  resolution: "send@npm:0.19.0"
  dependencies:
    debug: 2.6.9
    depd: 2.0.0
    destroy: 1.2.0
    encodeurl: ~1.0.2
    escape-html: ~1.0.3
    etag: ~1.8.1
    fresh: 0.5.2
    http-errors: 2.0.0
    mime: 1.6.0
    ms: 2.1.3
    on-finished: 2.4.1
    range-parser: ~1.2.1
    statuses: 2.0.1
  checksum: 5ae11bd900c1c2575525e2aa622e856804e2f96a09281ec1e39610d089f53aa69e13fd8db84b52f001d0318cf4bb0b3b904ad532fc4c0014eb90d32db0cff55f
  languageName: node
  linkType: hard

"serve-static@npm:1.16.2":
  version: 1.16.2
  resolution: "serve-static@npm:1.16.2"
  dependencies:
    encodeurl: ~2.0.0
    escape-html: ~1.0.3
    parseurl: ~1.3.3
    send: 0.19.0
  checksum: dffc52feb4cc5c68e66d0c7f3c1824d4e989f71050aefc9bd5f822a42c54c9b814f595fc5f2b717f4c7cc05396145f3e90422af31186a93f76cf15f707019759
  languageName: node
  linkType: hard

"setprototypeof@npm:1.2.0":
  version: 1.2.0
  resolution: "setprototypeof@npm:1.2.0"
  checksum: be18cbbf70e7d8097c97f713a2e76edf84e87299b40d085c6bf8b65314e994cc15e2e317727342fa6996e38e1f52c59720b53fe621e2eb593a6847bf0356db89
  languageName: node
  linkType: hard

"side-channel-list@npm:^1.0.0":
  version: 1.0.0
  resolution: "side-channel-list@npm:1.0.0"
  dependencies:
    es-errors: ^1.3.0
    object-inspect: ^1.13.3
  checksum: 603b928997abd21c5a5f02ae6b9cc36b72e3176ad6827fab0417ead74580cc4fb4d5c7d0a8a2ff4ead34d0f9e35701ed7a41853dac8a6d1a664fcce1a044f86f
  languageName: node
  linkType: hard

"side-channel-map@npm:^1.0.1":
  version: 1.0.1
  resolution: "side-channel-map@npm:1.0.1"
  dependencies:
    call-bound: ^1.0.2
    es-errors: ^1.3.0
    get-intrinsic: ^1.2.5
    object-inspect: ^1.13.3
  checksum: 42501371cdf71f4ccbbc9c9e2eb00aaaab80a4c1c429d5e8da713fd4d39ef3b8d4a4b37ed4f275798a65260a551a7131fd87fe67e922dba4ac18586d6aab8b06
  languageName: node
  linkType: hard

"side-channel-weakmap@npm:^1.0.2":
  version: 1.0.2
  resolution: "side-channel-weakmap@npm:1.0.2"
  dependencies:
    call-bound: ^1.0.2
    es-errors: ^1.3.0
    get-intrinsic: ^1.2.5
    object-inspect: ^1.13.3
    side-channel-map: ^1.0.1
  checksum: a815c89bc78c5723c714ea1a77c938377ea710af20d4fb886d362b0d1f8ac73a17816a5f6640f354017d7e292a43da9c5e876c22145bac00b76cfb3468001736
  languageName: node
  linkType: hard

"side-channel@npm:^1.0.6":
  version: 1.1.0
  resolution: "side-channel@npm:1.1.0"
  dependencies:
    es-errors: ^1.3.0
    object-inspect: ^1.13.3
    side-channel-list: ^1.0.0
    side-channel-map: ^1.0.1
    side-channel-weakmap: ^1.0.2
  checksum: bf73d6d6682034603eb8e99c63b50155017ed78a522d27c2acec0388a792c3ede3238b878b953a08157093b85d05797217d270b7666ba1f111345fbe933380ff
  languageName: node
  linkType: hard

"statuses@npm:2.0.1":
  version: 2.0.1
  resolution: "statuses@npm:2.0.1"
  checksum: 18c7623fdb8f646fb213ca4051be4df7efb3484d4ab662937ca6fbef7ced9b9e12842709872eb3020cc3504b93bde88935c9f6417489627a7786f24f8031cbcb
  languageName: node
  linkType: hard

"streamsearch@npm:^1.1.0":
  version: 1.1.0
  resolution: "streamsearch@npm:1.1.0"
  checksum: 1cce16cea8405d7a233d32ca5e00a00169cc0e19fbc02aa839959985f267335d435c07f96e5e0edd0eadc6d39c98d5435fb5bbbdefc62c41834eadc5622ad942
  languageName: node
  linkType: hard

"string_decoder@npm:~1.1.1":
  version: 1.1.1
  resolution: "string_decoder@npm:1.1.1"
  dependencies:
    safe-buffer: ~5.1.0
  checksum: 9ab7e56f9d60a28f2be697419917c50cac19f3e8e6c28ef26ed5f4852289fe0de5d6997d29becf59028556f2c62983790c1d9ba1e2a3cc401768ca12d5183a5b
  languageName: node
  linkType: hard

"toidentifier@npm:1.0.1":
  version: 1.0.1
  resolution: "toidentifier@npm:1.0.1"
  checksum: 952c29e2a85d7123239b5cfdd889a0dde47ab0497f0913d70588f19c53f7e0b5327c95f4651e413c74b785147f9637b17410ac8c846d5d4a20a5a33eb6dc3a45
  languageName: node
  linkType: hard

"type-is@npm:^1.6.4, type-is@npm:~1.6.18":
  version: 1.6.18
  resolution: "type-is@npm:1.6.18"
  dependencies:
    media-typer: 0.3.0
    mime-types: ~2.1.24
  checksum: 2c8e47675d55f8b4e404bcf529abdf5036c537a04c2b20177bcf78c9e3c1da69da3942b1346e6edb09e823228c0ee656ef0e033765ec39a70d496ef601a0c657
  languageName: node
  linkType: hard

"typedarray@npm:^0.0.6":
  version: 0.0.6
  resolution: "typedarray@npm:0.0.6"
  checksum: 33b39f3d0e8463985eeaeeacc3cb2e28bc3dfaf2a5ed219628c0b629d5d7b810b0eb2165f9f607c34871d5daa92ba1dc69f49051cf7d578b4cbd26c340b9d1b1
  languageName: node
  linkType: hard

"unpipe@npm:1.0.0, unpipe@npm:~1.0.0":
  version: 1.0.0
  resolution: "unpipe@npm:1.0.0"
  checksum: 4fa18d8d8d977c55cb09715385c203197105e10a6d220087ec819f50cb68870f02942244f1017565484237f1f8c5d3cd413631b1ae104d3096f24fdfde1b4aa2
  languageName: node
  linkType: hard

"util-deprecate@npm:~1.0.1":
  version: 1.0.2
  resolution: "util-deprecate@npm:1.0.2"
  checksum: 474acf1146cb2701fe3b074892217553dfcf9a031280919ba1b8d651a068c9b15d863b7303cb15bd00a862b498e6cf4ad7b4a08fb134edd5a6f7641681cb54a2
  languageName: node
  linkType: hard

"utils-merge@npm:1.0.1":
  version: 1.0.1
  resolution: "utils-merge@npm:1.0.1"
  checksum: c81095493225ecfc28add49c106ca4f09cdf56bc66731aa8dabc2edbbccb1e1bfe2de6a115e5c6a380d3ea166d1636410b62ef216bb07b3feb1cfde1d95d5080
  languageName: node
  linkType: hard

"vary@npm:^1, vary@npm:~1.1.2":
  version: 1.1.2
  resolution: "vary@npm:1.1.2"
  checksum: ae0123222c6df65b437669d63dfa8c36cee20a504101b2fcd97b8bf76f91259c17f9f2b4d70a1e3c6bbcee7f51b28392833adb6b2770b23b01abec84e369660b
  languageName: node
  linkType: hard

"ws@npm:7.4.6":
  version: 7.4.6
  resolution: "ws@npm:7.4.6"
  peerDependencies:
    bufferutil: ^4.0.1
    utf-8-validate: ^5.0.2
  peerDependenciesMeta:
    bufferutil:
      optional: true
    utf-8-validate:
      optional: true
  checksum: 3a990b32ed08c72070d5e8913e14dfcd831919205be52a3ff0b4cdd998c8d554f167c9df3841605cde8b11d607768cacab3e823c58c96a5c08c987e093eb767a
  languageName: node
  linkType: hard

"xtend@npm:^4.0.0":
  version: 4.0.2
  resolution: "xtend@npm:4.0.2"
  checksum: ac5dfa738b21f6e7f0dd6e65e1b3155036d68104e67e5d5d1bde74892e327d7e5636a076f625599dc394330a731861e87343ff184b0047fef1360a7ec0a5a36a
  languageName: node
  linkType: hard
